
Microsoft Visual Studio Solution File, Format Version 12.00
# Visual Studio Version 17
VisualStudioVersion = 17.4.33110.190
MinimumVisualStudioVersion = 10.0.40219.1
Project("{FAE04EC0-301F-11D3-BF4B-00C04F79EFBC}") = "CSharpEntityFrameworkPlayers", "CSharpEntityFrameworkPlayers\CSharpEntityFrameworkPlayers.csproj", "{B3965473-48F5-4682-A311-7BC3D171ED65}"
EndProject
Global
	GlobalSection(SolutionConfigurationPlatforms) = preSolution
		Debug|Any CPU = Debug|Any CPU
		Release|Any CPU = Release|Any CPU
	EndGlobalSection
	GlobalSection(ProjectConfigurationPlatforms) = postSolution
		{B3965473-48F5-4682-A311-7BC3D171ED65}.Debug|Any CPU.ActiveCfg = Debug|Any CPU
		{B3965473-48F5-4682-A311-7BC3D171ED65}.Debug|Any CPU.Build.0 = Debug|Any CPU
		{B3965473-48F5-4682-A311-7BC3D171ED65}.Release|Any CPU.ActiveCfg = Release|Any CPU
		{B3965473-48F5-4682-A311-7BC3D171ED65}.Release|Any CPU.Build.0 = Release|Any CPU
	EndGlobalSection
	GlobalSection(SolutionProperties) = preSolution
		HideSolutionNode = FALSE
	EndGlobalSection
	GlobalSection(ExtensibilityGlobals) = postSolution
		SolutionGuid = {F136FA1C-6F58-4608-B8E5-044AF636AB2E}
	EndGlobalSection
EndGlobal
